
Microsoft Visual Studio Solution File, Format Version 12.00
# Visual Studio 2013
VisualStudioVersion = 12.0.31101.0
MinimumVisualStudioVersion = 10.0.40219.1
Project("{FAE04EC0-301F-11D3-BF4B-00C04F79EFBC}") = "AnyCSV", "AnyCSV\AnyCSV.csproj", "{71AF5044-EF2C-46DE-9965-4D39811BE0BF}"
EndProject
Project("{FAE04EC0-301F-11D3-BF4B-00C04F79EFBC}") = "AnyCSVTestStand", "AnyCSVTestStand\AnyCSVTestStand.csproj", "{A8A55EAA-55C2-4DFC-88E8-B21F7D06B136}"
	ProjectSection(ProjectDependencies) = postProject
		{71AF5044-EF2C-46DE-9965-4D39811BE0BF} = {71AF5044-EF2C-46DE-9965-4D39811BE0BF}
	EndProjectSection
EndProject
Global
	GlobalSection(SolutionConfigurationPlatforms) = preSolution
		Debug|Any CPU = Debug|Any CPU
		Debug|Mixed Platforms = Debug|Mixed Platforms
		Debug|x86 = Debug|x86
		Release|Any CPU = Release|Any CPU
		Release|Mixed Platforms = Release|Mixed Platforms
		Release|x86 = Release|x86
	EndGlobalSection
	GlobalSection(ProjectConfigurationPlatforms) = postSolution
		{71AF5044-EF2C-46DE-9965-4D39811BE0BF}.Debug|Any CPU.ActiveCfg = Debug|Any CPU
		{71AF5044-EF2C-46DE-9965-4D39811BE0BF}.Debug|Any CPU.Build.0 = Debug|Any CPU
		{71AF5044-EF2C-46DE-9965-4D39811BE0BF}.Debug|Mixed Platforms.ActiveCfg = Debug|Any CPU
		{71AF5044-EF2C-46DE-9965-4D39811BE0BF}.Debug|Mixed Platforms.Build.0 = Debug|Any CPU
		{71AF5044-EF2C-46DE-9965-4D39811BE0BF}.Debug|x86.ActiveCfg = Debug|Any CPU
		{71AF5044-EF2C-46DE-9965-4D39811BE0BF}.Release|Any CPU.ActiveCfg = Release|Any CPU
		{71AF5044-EF2C-46DE-9965-4D39811BE0BF}.Release|Any CPU.Build.0 = Release|Any CPU
		{71AF5044-EF2C-46DE-9965-4D39811BE0BF}.Release|Mixed Platforms.ActiveCfg = Release|Any CPU
		{71AF5044-EF2C-46DE-9965-4D39811BE0BF}.Release|Mixed Platforms.Build.0 = Release|Any CPU
		{71AF5044-EF2C-46DE-9965-4D39811BE0BF}.Release|x86.ActiveCfg = Release|Any CPU
		{A8A55EAA-55C2-4DFC-88E8-B21F7D06B136}.Debug|Any CPU.ActiveCfg = Debug|Any CPU
		{A8A55EAA-55C2-4DFC-88E8-B21F7D06B136}.Debug|Any CPU.Build.0 = Debug|Any CPU
		{A8A55EAA-55C2-4DFC-88E8-B21F7D06B136}.Debug|Mixed Platforms.ActiveCfg = Debug|x86
		{A8A55EAA-55C2-4DFC-88E8-B21F7D06B136}.Debug|Mixed Platforms.Build.0 = Debug|x86
		{A8A55EAA-55C2-4DFC-88E8-B21F7D06B136}.Debug|x86.ActiveCfg = Debug|x86
		{A8A55EAA-55C2-4DFC-88E8-B21F7D06B136}.Debug|x86.Build.0 = Debug|x86
		{A8A55EAA-55C2-4DFC-88E8-B21F7D06B136}.Release|Any CPU.ActiveCfg = Release|Any CPU
		{A8A55EAA-55C2-4DFC-88E8-B21F7D06B136}.Release|Any CPU.Build.0 = Release|Any CPU
		{A8A55EAA-55C2-4DFC-88E8-B21F7D06B136}.Release|Mixed Platforms.ActiveCfg = Release|x86
		{A8A55EAA-55C2-4DFC-88E8-B21F7D06B136}.Release|Mixed Platforms.Build.0 = Release|x86
		{A8A55EAA-55C2-4DFC-88E8-B21F7D06B136}.Release|x86.ActiveCfg = Release|x86
		{A8A55EAA-55C2-4DFC-88E8-B21F7D06B136}.Release|x86.Build.0 = Release|x86
	EndGlobalSection
	GlobalSection(SolutionProperties) = preSolution
		HideSolutionNode = FALSE
	EndGlobalSection
EndGlobal
