
Microsoft Visual Studio Solution File, Format Version 11.00
# Visual Basic Express 2010
Project("{F184B08F-C81C-45F6-A57F-5ABD9991F28F}") = "CSVParser", "CSVParser\CSVParser.vbproj", "{7F011CE0-D434-4326-B768-AA160BC3D11F}"
EndProject
Project("{F184B08F-C81C-45F6-A57F-5ABD9991F28F}") = "CSVTestStand", "CSVTestStand\CSVTestStand.vbproj", "{36A99B7A-9DDB-4499-8A91-8FB100C50FBF}"
	ProjectSection(ProjectDependencies) = postProject
		{7F011CE0-D434-4326-B768-AA160BC3D11F} = {7F011CE0-D434-4326-B768-AA160BC3D11F}
	EndProjectSection
EndProject
Global
	GlobalSection(SolutionConfigurationPlatforms) = preSolution
		Debug|Any CPU = Debug|Any CPU
		Debug|Mixed Platforms = Debug|Mixed Platforms
		Debug|x86 = Debug|x86
		Release|Any CPU = Release|Any CPU
		Release|Mixed Platforms = Release|Mixed Platforms
		Release|x86 = Release|x86
	EndGlobalSection
	GlobalSection(ProjectConfigurationPlatforms) = postSolution
		{7F011CE0-D434-4326-B768-AA160BC3D11F}.Debug|Any CPU.ActiveCfg = Debug|Any CPU
		{7F011CE0-D434-4326-B768-AA160BC3D11F}.Debug|Any CPU.Build.0 = Debug|Any CPU
		{7F011CE0-D434-4326-B768-AA160BC3D11F}.Debug|Mixed Platforms.ActiveCfg = Debug|Any CPU
		{7F011CE0-D434-4326-B768-AA160BC3D11F}.Debug|Mixed Platforms.Build.0 = Debug|Any CPU
		{7F011CE0-D434-4326-B768-AA160BC3D11F}.Debug|x86.ActiveCfg = Debug|Any CPU
		{7F011CE0-D434-4326-B768-AA160BC3D11F}.Release|Any CPU.ActiveCfg = Release|Any CPU
		{7F011CE0-D434-4326-B768-AA160BC3D11F}.Release|Any CPU.Build.0 = Release|Any CPU
		{7F011CE0-D434-4326-B768-AA160BC3D11F}.Release|Mixed Platforms.ActiveCfg = Release|Any CPU
		{7F011CE0-D434-4326-B768-AA160BC3D11F}.Release|Mixed Platforms.Build.0 = Release|Any CPU
		{7F011CE0-D434-4326-B768-AA160BC3D11F}.Release|x86.ActiveCfg = Release|Any CPU
		{36A99B7A-9DDB-4499-8A91-8FB100C50FBF}.Debug|Any CPU.ActiveCfg = Debug|x86
		{36A99B7A-9DDB-4499-8A91-8FB100C50FBF}.Debug|Mixed Platforms.ActiveCfg = Debug|x86
		{36A99B7A-9DDB-4499-8A91-8FB100C50FBF}.Debug|Mixed Platforms.Build.0 = Debug|x86
		{36A99B7A-9DDB-4499-8A91-8FB100C50FBF}.Debug|x86.ActiveCfg = Debug|x86
		{36A99B7A-9DDB-4499-8A91-8FB100C50FBF}.Debug|x86.Build.0 = Debug|x86
		{36A99B7A-9DDB-4499-8A91-8FB100C50FBF}.Release|Any CPU.ActiveCfg = Release|x86
		{36A99B7A-9DDB-4499-8A91-8FB100C50FBF}.Release|Mixed Platforms.ActiveCfg = Release|x86
		{36A99B7A-9DDB-4499-8A91-8FB100C50FBF}.Release|Mixed Platforms.Build.0 = Release|x86
		{36A99B7A-9DDB-4499-8A91-8FB100C50FBF}.Release|x86.ActiveCfg = Release|x86
		{36A99B7A-9DDB-4499-8A91-8FB100C50FBF}.Release|x86.Build.0 = Release|x86
	EndGlobalSection
	GlobalSection(SolutionProperties) = preSolution
		HideSolutionNode = FALSE
	EndGlobalSection
EndGlobal
